// !$*UTF8*$!
{
	archiveVersion = 1;
	classes = {
	};
	objectVersion = 50;
	objects = {

/* Begin PBXBuildFile section */
		894BDE0820F502DF00DFCA4E /* AppDelegate.swift in Sources */ = {isa = PBXBuildFile; fileRef = 894BDE0720F502DF00DFCA4E /* AppDelegate.swift */; };
		894BDE0A20F502DF00DFCA4E /* SourcesViewController.swift in Sources */ = {isa = PBXBuildFile; fileRef = 894BDE0920F502DF00DFCA4E /* SourcesViewController.swift */; };
		894BDE0D20F502DF00DFCA4E /* Main.storyboard in Resources */ = {isa = PBXBuildFile; fileRef = 894BDE0B20F502DF00DFCA4E /* Main.storyboard */; };
		894BDE0F20F502E000DFCA4E /* Assets.xcassets in Resources */ = {isa = PBXBuildFile; fileRef = 894BDE0E20F502E000DFCA4E /* Assets.xcassets */; };
		894BDE1220F502E000DFCA4E /* LaunchScreen.storyboard in Resources */ = {isa = PBXBuildFile; fileRef = 894BDE1020F502E000DFCA4E /* LaunchScreen.storyboard */; };
		894BDE1D20F502E000DFCA4E /* Top_StoriesTests.swift in Sources */ = {isa = PBXBuildFile; fileRef = 894BDE1C20F502E000DFCA4E /* Top_StoriesTests.swift */; };
		894BDE2820F502E000DFCA4E /* Top_StoriesUITests.swift in Sources */ = {isa = PBXBuildFile; fileRef = 894BDE2720F502E000DFCA4E /* Top_StoriesUITests.swift */; };
		894BDE3620F5058200DFCA4E /* SwiftyJSON.swift in Sources */ = {isa = PBXBuildFile; fileRef = 894BDE3520F5058100DFCA4E /* SwiftyJSON.swift */; };
/* End PBXBuildFile section */

/* Begin PBXContainerItemProxy section */
		894BDE1920F502E000DFCA4E /* PBXContainerItemProxy */ = {
			isa = PBXContainerItemProxy;
			containerPortal = 894BDDFC20F502DF00DFCA4E /* Project object */;
			proxyType = 1;
			remoteGlobalIDString = 894BDE0320F502DF00DFCA4E;
			remoteInfo = "Top Stories";
		};
		894BDE2420F502E000DFCA4E /* PBXContainerItemProxy */ = {
			isa = PBXContainerItemProxy;
			containerPortal = 894BDDFC20F502DF00DFCA4E /* Project object */;
			proxyType = 1;
			remoteGlobalIDString = 894BDE0320F502DF00DFCA4E;
			remoteInfo = "Top Stories";
		};
/* End PBXContainerItemProxy section */

/* Begin PBXFileReference section */
		894BDE0420F502DF00DFCA4E /* Top Stories.app */ = {isa = PBXFileReference; explicitFileType = wrapper.application; includeInIndex = 0; path = "Top Stories.app"; sourceTree = BUILT_PRODUCTS_DIR; };
		894BDE0720F502DF00DFCA4E /* AppDelegate.swift */ = {isa = PBXFileReference; lastKnownFileType = sourcecode.swift; path = AppDelegate.swift; sourceTree = "<group>"; };
		894BDE0920F502DF00DFCA4E /* SourcesViewController.swift */ = {isa = PBXFileReference; lastKnownFileType = sourcecode.swift; path = SourcesViewController.swift; sourceTree = "<group>"; };
		894BDE0C20F502DF00DFCA4E /* Base */ = {isa = PBXFileReference; lastKnownFileType = file.storyboard; name = Base; path = Base.lproj/Main.storyboard; sourceTree = "<group>"; };
		894BDE0E20F502E000DFCA4E /* Assets.xcassets */ = {isa = PBXFileReference; lastKnownFileType = folder.assetcatalog; path = Assets.xcassets; sourceTree = "<group>"; };
		894BDE1120F502E000DFCA4E /* Base */ = {isa = PBXFileReference; lastKnownFileType = file.storyboard; name = Base; path = Base.lproj/LaunchScreen.storyboard; sourceTree = "<group>"; };
		894BDE1320F502E000DFCA4E /* Info.plist */ = {isa = PBXFileReference; lastKnownFileType = text.plist.xml; path = Info.plist; sourceTree = "<group>"; };
		894BDE1820F502E000DFCA4E /* Top StoriesTests.xctest */ = {isa = PBXFileReference; explicitFileType = wrapper.cfbundle; includeInIndex = 0; path = "Top StoriesTests.xctest"; sourceTree = BUILT_PRODUCTS_DIR; };
		894BDE1C20F502E000DFCA4E /* Top_StoriesTests.swift */ = {isa = PBXFileReference; lastKnownFileType = sourcecode.swift; path = Top_StoriesTests.swift; sourceTree = "<group>"; };
		894BDE1E20F502E000DFCA4E /* Info.plist */ = {isa = PBXFileReference; lastKnownFileType = text.plist.xml; path = Info.plist; sourceTree = "<group>"; };
		894BDE2320F502E000DFCA4E /* Top StoriesUITests.xctest */ = {isa = PBXFileReference; explicitFileType = wrapper.cfbundle; includeInIndex = 0; path = "Top StoriesUITests.xctest"; sourceTree = BUILT_PRODUCTS_DIR; };
		894BDE2720F502E000DFCA4E /* Top_StoriesUITests.swift */ = {isa = PBXFileReference; lastKnownFileType = sourcecode.swift; path = Top_StoriesUITests.swift; sourceTree = "<group>"; };
		894BDE2920F502E000DFCA4E /* Info.plist */ = {isa = PBXFileReference; lastKnownFileType = text.plist.xml; path = Info.plist; sourceTree = "<group>"; };
		894BDE3520F5058100DFCA4E /* SwiftyJSON.swift */ = {isa = PBXFileReference; fileEncoding = 4; lastKnownFileType = sourcecode.swift; path = SwiftyJSON.swift; sourceTree = "<group>"; };
/* End PBXFileReference section */

/* Begin PBXFrameworksBuildPhase section */
		894BDE0120F502DF00DFCA4E /* Frameworks */ = {
			isa = PBXFrameworksBuildPhase;
			buildActionMask = 2147483647;
			files = (
			);
			runOnlyForDeploymentPostprocessing = 0;
		};
		894BDE1520F502E000DFCA4E /* Frameworks */ = {
			isa = PBXFrameworksBuildPhase;
			buildActionMask = 2147483647;
			files = (
			);
			runOnlyForDeploymentPostprocessing = 0;
		};
		894BDE2020F502E000DFCA4E /* Frameworks */ = {
			isa = PBXFrameworksBuildPhase;
			buildActionMask = 2147483647;
			files = (
			);
			runOnlyForDeploymentPostprocessing = 0;
		};
/* End PBXFrameworksBuildPhase section */

/* Begin PBXGroup section */
		894BDDFB20F502DF00DFCA4E = {
			isa = PBXGroup;
			children = (
				894BDE0620F502DF00DFCA4E /* Top Stories */,
				894BDE1B20F502E000DFCA4E /* Top StoriesTests */,
				894BDE2620F502E000DFCA4E /* Top StoriesUITests */,
				894BDE0520F502DF00DFCA4E /* Products */,
			);
			sourceTree = "<group>";
		};
		894BDE0520F502DF00DFCA4E /* Products */ = {
			isa = PBXGroup;
			children = (
				894BDE0420F502DF00DFCA4E /* Top Stories.app */,
				894BDE1820F502E000DFCA4E /* Top StoriesTests.xctest */,
				894BDE2320F502E000DFCA4E /* Top StoriesUITests.xctest */,
			);
			name = Products;
			sourceTree = "<group>";
		};
		894BDE0620F502DF00DFCA4E /* Top Stories */ = {
			isa = PBXGroup;
			children = (
				894BDE0720F502DF00DFCA4E /* AppDelegate.swift */,
				894BDE0920F502DF00DFCA4E /* SourcesViewController.swift */,
				894BDE3520F5058100DFCA4E /* SwiftyJSON.swift */,
				894BDE0B20F502DF00DFCA4E /* Main.storyboard */,
				894BDE0E20F502E000DFCA4E /* Assets.xcassets */,
				894BDE1020F502E000DFCA4E /* LaunchScreen.storyboard */,
				894BDE1320F502E000DFCA4E /* Info.plist */,
			);
			path = "Top Stories";
			sourceTree = "<group>";
		};
		894BDE1B20F502E000DFCA4E /* Top StoriesTests */ = {
			isa = PBXGroup;
			children = (
				894BDE1C20F502E000DFCA4E /* Top_StoriesTests.swift */,
				894BDE1E20F502E000DFCA4E /* Info.plist */,
			);
			path = "Top StoriesTests";
			sourceTree = "<group>";
		};
		894BDE2620F502E000DFCA4E /* Top StoriesUITests */ = {
			isa = PBXGroup;
			children = (
				894BDE2720F502E000DFCA4E /* Top_StoriesUITests.swift */,
				894BDE2920F502E000DFCA4E /* Info.plist */,
			);
			path = "Top StoriesUITests";
			sourceTree = "<group>";
		};
/* End PBXGroup section */

/* Begin PBXNativeTarget section */
		894BDE0320F502DF00DFCA4E /* Top Stories */ = {
			isa = PBXNativeTarget;
			buildConfigurationList = 894BDE2C20F502E000DFCA4E /* Build configuration list for PBXNativeTarget "Top Stories" */;
			buildPhases = (
				894BDE0020F502DF00DFCA4E /* Sources */,
				894BDE0120F502DF00DFCA4E /* Frameworks */,
				894BDE0220F502DF00DFCA4E /* Resources */,
			);
			buildRules = (
			);
			dependencies = (
			);
			name = "Top Stories";
			productName = "Top Stories";
			productReference = 894BDE0420F502DF00DFCA4E /* Top Stories.app */;
			productType = "com.apple.product-type.application";
		};
		894BDE1720F502E000DFCA4E /* Top StoriesTests */ = {
			isa = PBXNativeTarget;
			buildConfigurationList = 894BDE2F20F502E000DFCA4E /* Build configuration list for PBXNativeTarget "Top StoriesTests" */;
			buildPhases = (
				894BDE1420F502E000DFCA4E /* Sources */,
				894BDE1520F502E000DFCA4E /* Frameworks */,
				894BDE1620F502E000DFCA4E /* Resources */,
			);
			buildRules = (
			);
			dependencies = (
				894BDE1A20F502E000DFCA4E /* PBXTargetDependency */,
			);
			name = "Top StoriesTests";
			productName = "Top StoriesTests";
			productReference = 894BDE1820F502E000DFCA4E /* Top StoriesTests.xctest */;
			productType = "com.apple.product-type.bundle.unit-test";
		};
		894BDE2220F502E000DFCA4E /* Top StoriesUITests */ = {
			isa = PBXNativeTarget;
			buildConfigurationList = 894BDE3220F502E000DFCA4E /* Build configuration list for PBXNativeTarget "Top StoriesUITests" */;
			buildPhases = (
				894BDE1F20F502E000DFCA4E /* Sources */,
				894BDE2020F502E000DFCA4E /* Frameworks */,
				894BDE2120F502E000DFCA4E /* Resources */,
			);
			buildRules = (
			);
			dependencies = (
				894BDE2520F502E000DFCA4E /* PBXTargetDependency */,
			);
			name = "Top StoriesUITests";
			productName = "Top StoriesUITests";
			productReference = 894BDE2320F502E000DFCA4E /* Top StoriesUITests.xctest */;
			productType = "com.apple.product-type.bundle.ui-testing";
		};
/* End PBXNativeTarget section */

/* Begin PBXProject section */
		894BDDFC20F502DF00DFCA4E /* Project object */ = {
			isa = PBXProject;
			attributes = {
				LastSwiftUpdateCheck = 0940;
				LastUpgradeCheck = 0940;
				ORGANIZATIONNAME = "Aslan Lee";
				TargetAttributes = {
					894BDE0320F502DF00DFCA4E = {
						CreatedOnToolsVersion = 9.4.1;
					};
					894BDE1720F502E000DFCA4E = {
						CreatedOnToolsVersion = 9.4.1;
						TestTargetID = 894BDE0320F502DF00DFCA4E;
					};
					894BDE2220F502E000DFCA4E = {
						CreatedOnToolsVersion = 9.4.1;
						TestTargetID = 894BDE0320F502DF00DFCA4E;
					};
				};
			};
			buildConfigurationList = 894BDDFF20F502DF00DFCA4E /* Build configuration list for PBXProject "Top Stories" */;
			compatibilityVersion = "Xcode 9.3";
			developmentRegion = en;
			hasScannedForEncodings = 0;
			knownRegions = (
				en,
				Base,
			);
			mainGroup = 894BDDFB20F502DF00DFCA4E;
			productRefGroup = 894BDE0520F502DF00DFCA4E /* Products */;
			projectDirPath = "";
			projectRoot = "";
			targets = (
				894BDE0320F502DF00DFCA4E /* Top Stories */,
				894BDE1720F502E000DFCA4E /* Top StoriesTests */,
				894BDE2220F502E000DFCA4E /* Top StoriesUITests */,
			);
		};
/* End PBXProject section */

/* Begin PBXResourcesBuildPhase section */
		894BDE0220F502DF00DFCA4E /* Resources */ = {
			isa = PBXResourcesBuildPhase;
			buildActionMask = 2147483647;
			files = (
				894BDE1220F502E000DFCA4E /* LaunchScreen.storyboard in Resources */,
				894BDE0F20F502E000DFCA4E /* Assets.xcassets in Resources */,
				894BDE0D20F502DF00DFCA4E /* Main.storyboard in Resources */,
			);
			runOnlyForDeploymentPostprocessing = 0;
		};
		894BDE1620F502E000DFCA4E /* Resources */ = {
			isa = PBXResourcesBuildPhase;
			buildActionMask = 2147483647;
			files = (
			);
			runOnlyForDeploymentPostprocessing = 0;
		};
		894BDE2120F502E000DFCA4E /* Resources */ = {
			isa = PBXResourcesBuildPhase;
			buildActionMask = 2147483647;
			files = (
			);
			runOnlyForDeploymentPostprocessing = 0;
		};
/* End PBXResourcesBuildPhase section */

/* Begin PBXSourcesBuildPhase section */
		894BDE0020F502DF00DFCA4E /* Sources */ = {
			isa = PBXSourcesBuildPhase;
			buildActionMask = 2147483647;
			files = (
				894BDE3620F5058200DFCA4E /* SwiftyJSON.swift in Sources */,
				894BDE0A20F502DF00DFCA4E /* SourcesViewController.swift in Sources */,
				894BDE0820F502DF00DFCA4E /* AppDelegate.swift in Sources */,
			);
			runOnlyForDeploymentPostprocessing = 0;
		};
		894BDE1420F502E000DFCA4E /* Sources */ = {
			isa = PBXSourcesBuildPhase;
			buildActionMask = 2147483647;
			files = (
				894BDE1D20F502E000DFCA4E /* Top_StoriesTests.swift in Sources */,
			);
			runOnlyForDeploymentPostprocessing = 0;
		};
		894BDE1F20F502E000DFCA4E /* Sources */ = {
			isa = PBXSourcesBuildPhase;
			buildActionMask = 2147483647;
			files = (
				894BDE2820F502E000DFCA4E /* Top_StoriesUITests.swift in Sources */,
			);
			runOnlyForDeploymentPostprocessing = 0;
		};
/* End PBXSourcesBuildPhase section */

/* Begin PBXTargetDependency section */
		894BDE1A20F502E000DFCA4E /* PBXTargetDependency */ = {
			isa = PBXTargetDependency;
			target = 894BDE0320F502DF00DFCA4E /* Top Stories */;
			targetProxy = 894BDE1920F502E000DFCA4E /* PBXContainerItemProxy */;
		};
		894BDE2520F502E000DFCA4E /* PBXTargetDependency */ = {
			isa = PBXTargetDependency;
			target = 894BDE0320F502DF00DFCA4E /* Top Stories */;
			targetProxy = 894BDE2420F502E000DFCA4E /* PBXContainerItemProxy */;
		};
/* End PBXTargetDependency section */

/* Begin PBXVariantGroup section */
		894BDE0B20F502DF00DFCA4E /* Main.storyboard */ = {
			isa = PBXVariantGroup;
			children = (
				894BDE0C20F502DF00DFCA4E /* Base */,
			);
			name = Main.storyboard;
			sourceTree = "<group>";
		};
		894BDE1020F502E000DFCA4E /* LaunchScreen.storyboard */ = {
			isa = PBXVariantGroup;
			children = (
				894BDE1120F502E000DFCA4E /* Base */,
			);
			name = LaunchScreen.storyboard;
			sourceTree = "<group>";
		};
/* End PBXVariantGroup section */

/* Begin XCBuildConfiguration section */
		894BDE2A20F502E000DFCA4E /* Debug */ = {
			isa = XCBuildConfiguration;
			buildSettings = {
				ALWAYS_SEARCH_USER_PATHS = NO;
				CLANG_ANALYZER_NONNULL = YES;
				CLANG_ANALYZER_NUMBER_OBJECT_CONVERSION = YES_AGGRESSIVE;
				CLANG_CXX_LANGUAGE_STANDARD = "gnu++14";
				CLANG_CXX_LIBRARY = "libc++";
				CLANG_ENABLE_MODULES = YES;
				CLANG_ENABLE_OBJC_ARC = YES;
				CLANG_ENABLE_OBJC_WEAK = YES;
				CLANG_WARN_BLOCK_CAPTURE_AUTORELEASING = YES;
				CLANG_WARN_BOOL_CONVERSION = YES;
				CLANG_WARN_COMMA = YES;
				CLANG_WARN_CONSTANT_CONVERSION = YES;
				CLANG_WARN_DEPRECATED_OBJC_IMPLEMENTATIONS = YES;
				CLANG_WARN_DIRECT_OBJC_ISA_USAGE = YES_ERROR;
				CLANG_WARN_DOCUMENTATION_COMMENTS = YES;
				CLANG_WARN_EMPTY_BODY = YES;
				CLANG_WARN_ENUM_CONVERSION = YES;
				CLANG_WARN_INFINITE_RECURSION = YES;
				CLANG_WARN_INT_CONVERSION = YES;
				CLANG_WARN_NON_LITERAL_NULL_CONVERSION = YES;
				CLANG_WARN_OBJC_IMPLICIT_RETAIN_SELF = YES;
				CLANG_WARN_OBJC_LITERAL_CONVERSION = YES;
				CLANG_WARN_OBJC_ROOT_CLASS = YES_ERROR;
				CLANG_WARN_RANGE_LOOP_ANALYSIS = YES;
				CLANG_WARN_STRICT_PROTOTYPES = YES;
				CLANG_WARN_SUSPICIOUS_MOVE = YES;
				CLANG_WARN_UNGUARDED_AVAILABILITY = YES_AGGRESSIVE;
				CLANG_WARN_UNREACHABLE_CODE = YES;
				CLANG_WARN__DUPLICATE_METHOD_MATCH = YES;
				CODE_SIGN_IDENTITY = "iPhone Developer";
				COPY_PHASE_STRIP = NO;
				DEBUG_INFORMATION_FORMAT = dwarf;
				ENABLE_STRICT_OBJC_MSGSEND = YES;
				ENABLE_TESTABILITY = YES;
				GCC_C_LANGUAGE_STANDARD = gnu11;
				GCC_DYNAMIC_NO_PIC = NO;
				GCC_NO_COMMON_BLOCKS = YES;
				GCC_OPTIMIZATION_LEVEL = 0;
				GCC_PREPROCESSOR_DEFINITIONS = (
					"DEBUG=1",
					"$(inherited)",
				);
				GCC_WARN_64_TO_32_BIT_CONVERSION = YES;
				GCC_WARN_ABOUT_RETURN_TYPE = YES_ERROR;
				GCC_WARN_UNDECLARED_SELECTOR = YES;
				GCC_WARN_UNINITIALIZED_AUTOS = YES_AGGRESSIVE;
				GCC_WARN_UNUSED_FUNCTION = YES;
				GCC_WARN_UNUSED_VARIABLE = YES;
				IPHONEOS_DEPLOYMENT_TARGET = 11.4;
				MTL_ENABLE_DEBUG_INFO = YES;
				ONLY_ACTIVE_ARCH = YES;
				SDKROOT = iphoneos;
				SWIFT_ACTIVE_COMPILATION_CONDITIONS = DEBUG;
				SWIFT_OPTIMIZATION_LEVEL = "-Onone";
			};
			name = Debug;
		};
		894BDE2B20F502E000DFCA4E /* Release */ = {
			isa = XCBuildConfiguration;
			buildSettings = {
				ALWAYS_SEARCH_USER_PATHS = NO;
				CLANG_ANALYZER_NONNULL = YES;
				CLANG_ANALYZER_NUMBER_OBJECT_CONVERSION = YES_AGGRESSIVE;
				CLANG_CXX_LANGUAGE_STANDARD = "gnu++14";
				CLANG_CXX_LIBRARY = "libc++";
				CLANG_ENABLE_MODULES = YES;
				CLANG_ENABLE_OBJC_ARC = YES;
				CLANG_ENABLE_OBJC_WEAK = YES;
				CLANG_WARN_BLOCK_CAPTURE_AUTORELEASING = YES;
				CLANG_WARN_BOOL_CONVERSION = YES;
				CLANG_WARN_COMMA = YES;
				CLANG_WARN_CONSTANT_CONVERSION = YES;
				CLANG_WARN_DEPRECATED_OBJC_IMPLEMENTATIONS = YES;
				CLANG_WARN_DIRECT_OBJC_ISA_USAGE = YES_ERROR;
				CLANG_WARN_DOCUMENTATION_COMMENTS = YES;
				CLANG_WARN_EMPTY_BODY = YES;
				CLANG_WARN_ENUM_CONVERSION = YES;
				CLANG_WARN_INFINITE_RECURSION = YES;
				CLANG_WARN_INT_CONVERSION = YES;
				CLANG_WARN_NON_LITERAL_NULL_CONVERSION = YES;
				CLANG_WARN_OBJC_IMPLICIT_RETAIN_SELF = YES;
				CLANG_WARN_OBJC_LITERAL_CONVERSION = YES;
				CLANG_WARN_OBJC_ROOT_CLASS = YES_ERROR;
				CLANG_WARN_RANGE_LOOP_ANALYSIS = YES;
				CLANG_WARN_STRICT_PROTOTYPES = YES;
				CLANG_WARN_SUSPICIOUS_MOVE = YES;
				CLANG_WARN_UNGUARDED_AVAILABILITY = YES_AGGRESSIVE;
				CLANG_WARN_UNREACHABLE_CODE = YES;
				CLANG_WARN__DUPLICATE_METHOD_MATCH = YES;
				CODE_SIGN_IDENTITY = "iPhone Developer";
				COPY_PHASE_STRIP = NO;
				DEBUG_INFORMATION_FORMAT = "dwarf-with-dsym";
				ENABLE_NS_ASSERTIONS = NO;
				ENABLE_STRICT_OBJC_MSGSEND = YES;
				GCC_C_LANGUAGE_STANDARD = gnu11;
				GCC_NO_COMMON_BLOCKS = YES;
				GCC_WARN_64_TO_32_BIT_CONVERSION = YES;
				GCC_WARN_ABOUT_RETURN_TYPE = YES_ERROR;
				GCC_WARN_UNDECLARED_SELECTOR = YES;
				GCC_WARN_UNINITIALIZED_AUTOS = YES_AGGRESSIVE;
				GCC_WARN_UNUSED_FUNCTION = YES;
				GCC_WARN_UNUSED_VARIABLE = YES;
				IPHONEOS_DEPLOYMENT_TARGET = 11.4;
				MTL_ENABLE_DEBUG_INFO = NO;
				SDKROOT = iphoneos;
				SWIFT_COMPILATION_MODE = wholemodule;
				SWIFT_OPTIMIZATION_LEVEL = "-O";
				VALIDATE_PRODUCT = YES;
			};
			name = Release;
		};
		894BDE2D20F502E000DFCA4E /* Debug */ = {
			isa = XCBuildConfiguration;
			buildSettings = {
				ASSETCATALOG_COMPILER_APPICON_NAME = AppIcon;
				CODE_SIGN_STYLE = Automatic;
				DEVELOPMENT_TEAM = VA35W59BV9;
				INFOPLIST_FILE = "Top Stories/Info.plist";
				LD_RUNPATH_SEARCH_PATHS = (
					"$(inherited)",
					"@executable_path/Frameworks",
				);
				PRODUCT_BUNDLE_IDENTIFIER = "Aslan-Lee.Top-Stories";
				PRODUCT_NAME = "$(TARGET_NAME)";
				SWIFT_VERSION = 4.0;
				TARGETED_DEVICE_FAMILY = "1,2";
			};
			name = Debug;
		};
		894BDE2E20F502E000DFCA4E /* Release */ = {
			isa = XCBuildConfiguration;
			buildSettings = {
				ASSETCATALOG_COMPILER_APPICON_NAME = AppIcon;
				CODE_SIGN_STYLE = Automatic;
				DEVELOPMENT_TEAM = VA35W59BV9;
				INFOPLIST_FILE = "Top Stories/Info.plist";
				LD_RUNPATH_SEARCH_PATHS = (
					"$(inherited)",
					"@executable_path/Frameworks",
				);
				PRODUCT_BUNDLE_IDENTIFIER = "Aslan-Lee.Top-Stories";
				PRODUCT_NAME = "$(TARGET_NAME)";
				SWIFT_VERSION = 4.0;
				TARGETED_DEVICE_FAMILY = "1,2";
			};
			name = Release;
		};
		894BDE3020F502E000DFCA4E /* Debug */ = {
			isa = XCBuildConfiguration;
			buildSettings = {
				ALWAYS_EMBED_SWIFT_STANDARD_LIBRARIES = YES;
				BUNDLE_LOADER = "$(TEST_HOST)";
				CODE_SIGN_STYLE = Automatic;
				DEVELOPMENT_TEAM = VA35W59BV9;
				INFOPLIST_FILE = "Top StoriesTests/Info.plist";
				LD_RUNPATH_SEARCH_PATHS = (
					"$(inherited)",
					"@executable_path/Frameworks",
					"@loader_path/Frameworks",
				);
				PRODUCT_BUNDLE_IDENTIFIER = "Aslan-Lee.Top-StoriesTests";
				PRODUCT_NAME = "$(TARGET_NAME)";
				SWIFT_VERSION = 4.0;
				TARGETED_DEVICE_FAMILY = "1,2";
				TEST_HOST = "$(BUILT_PRODUCTS_DIR)/Top Stories.app/Top Stories";
			};
			name = Debug;
		};
		894BDE3120F502E000DFCA4E /* Release */ = {
			isa = XCBuildConfiguration;
			buildSettings = {
				ALWAYS_EMBED_SWIFT_STANDARD_LIBRARIES = YES;
				BUNDLE_LOADER = "$(TEST_HOST)";
				CODE_SIGN_STYLE = Automatic;
				DEVELOPMENT_TEAM = VA35W59BV9;
				INFOPLIST_FILE = "Top StoriesTests/Info.plist";
				LD_RUNPATH_SEARCH_PATHS = (
					"$(inherited)",
					"@executable_path/Frameworks",
					"@loader_path/Frameworks",
				);
				PRODUCT_BUNDLE_IDENTIFIER = "Aslan-Lee.Top-StoriesTests";
				PRODUCT_NAME = "$(TARGET_NAME)";
				SWIFT_VERSION = 4.0;
				TARGETED_DEVICE_FAMILY = "1,2";
				TEST_HOST = "$(BUILT_PRODUCTS_DIR)/Top Stories.app/Top Stories";
			};
			name = Release;
		};
		894BDE3320F502E000DFCA4E /* Debug */ = {
			isa = XCBuildConfiguration;
			buildSettings = {
				ALWAYS_EMBED_SWIFT_STANDARD_LIBRARIES = YES;
				CODE_SIGN_STYLE = Automatic;
				DEVELOPMENT_TEAM = VA35W59BV9;
				INFOPLIST_FILE = "Top StoriesUITests/Info.plist";
				LD_RUNPATH_SEARCH_PATHS = (
					"$(inherited)",
					"@executable_path/Frameworks",
					"@loader_path/Frameworks",
				);
				PRODUCT_BUNDLE_IDENTIFIER = "Aslan-Lee.Top-StoriesUITests";
				PRODUCT_NAME = "$(TARGET_NAME)";
				SWIFT_VERSION = 4.0;
				TARGETED_DEVICE_FAMILY = "1,2";
				TEST_TARGET_NAME = "Top Stories";
			};
			name = Debug;
		};
		894BDE3420F502E000DFCA4E /* Release */ = {
			isa = XCBuildConfiguration;
			buildSettings = {
				ALWAYS_EMBED_SWIFT_STANDARD_LIBRARIES = YES;
				CODE_SIGN_STYLE = Automatic;
				DEVELOPMENT_TEAM = VA35W59BV9;
				INFOPLIST_FILE = "Top StoriesUITests/Info.plist";
				LD_RUNPATH_SEARCH_PATHS = (
					"$(inherited)",
					"@executable_path/Frameworks",
					"@loader_path/Frameworks",
				);
				PRODUCT_BUNDLE_IDENTIFIER = "Aslan-Lee.Top-StoriesUITests";
				PRODUCT_NAME = "$(TARGET_NAME)";
				SWIFT_VERSION = 4.0;
				TARGETED_DEVICE_FAMILY = "1,2";
				TEST_TARGET_NAME = "Top Stories";
			};
			name = Release;
		};
/* End XCBuildConfiguration section */

/* Begin XCConfigurationList section */
		894BDDFF20F502DF00DFCA4E /* Build configuration list for PBXProject "Top Stories" */ = {
			isa = XCConfigurationList;
			buildConfigurations = (
				894BDE2A20F502E000DFCA4E /* Debug */,
				894BDE2B20F502E000DFCA4E /* Release */,
			);
			defaultConfigurationIsVisible = 0;
			defaultConfigurationName = Release;
		};
		894BDE2C20F502E000DFCA4E /* Build configuration list for PBXNativeTarget "Top Stories" */ = {
			isa = XCConfigurationList;
			buildConfigurations = (
				894BDE2D20F502E000DFCA4E /* Debug */,
				894BDE2E20F502E000DFCA4E /* Release */,
			);
			defaultConfigurationIsVisible = 0;
			defaultConfigurationName = Release;
		};
		894BDE2F20F502E000DFCA4E /* Build configuration list for PBXNativeTarget "Top StoriesTests" */ = {
			isa = XCConfigurationList;
			buildConfigurations = (
				894BDE3020F502E000DFCA4E /* Debug */,
				894BDE3120F502E000DFCA4E /* Release */,
			);
			defaultConfigurationIsVisible = 0;
			defaultConfigurationName = Release;
		};
		894BDE3220F502E000DFCA4E /* Build configuration list for PBXNativeTarget "Top StoriesUITests" */ = {
			isa = XCConfigurationList;
			buildConfigurations = (
				894BDE3320F502E000DFCA4E /* Debug */,
				894BDE3420F502E000DFCA4E /* Release */,
			);
			defaultConfigurationIsVisible = 0;
			defaultConfigurationName = Release;
		};
/* End XCConfigurationList section */
	};
	rootObject = 894BDDFC20F502DF00DFCA4E /* Project object */;
}
